
Microsoft Visual Studio Solution File, Format Version 12.00
# Visual Studio Version 16
VisualStudioVersion = 16.0.30104.148
MinimumVisualStudioVersion = 10.0.40219.1
Project("{FAE04EC0-301F-11D3-BF4B-00C04F79EFBC}") = "TTCModManager", "TTCModManager\TTCModManager.csproj", "{97465103-1E35-4340-9CFE-41AB29A9E63B}"
EndProject
Global
	GlobalSection(SolutionConfigurationPlatforms) = preSolution
		Debug|Any CPU = Debug|Any CPU
		Release|Any CPU = Release|Any CPU
	EndGlobalSection
	GlobalSection(ProjectConfigurationPlatforms) = postSolution
		{97465103-1E35-4340-9CFE-41AB29A9E63B}.Debug|Any CPU.ActiveCfg = Debug|Any CPU
		{97465103-1E35-4340-9CFE-41AB29A9E63B}.Debug|Any CPU.Build.0 = Debug|Any CPU
		{97465103-1E35-4340-9CFE-41AB29A9E63B}.Release|Any CPU.ActiveCfg = Release|Any CPU
		{97465103-1E35-4340-9CFE-41AB29A9E63B}.Release|Any CPU.Build.0 = Release|Any CPU
	EndGlobalSection
	GlobalSection(SolutionProperties) = preSolution
		HideSolutionNode = FALSE
	EndGlobalSection
	GlobalSection(ExtensibilityGlobals) = postSolution
		SolutionGuid = {6C9F4152-FAE9-4F2D-8D8A-B1EE51B7433D}
	EndGlobalSection
EndGlobal
